
Microsoft Visual Studio Solution File, Format Version 12.00
# Visual Studio Version 17
VisualStudioVersion = 17.1.32228.430
MinimumVisualStudioVersion = 10.0.40219.1
Project("{FAE04EC0-301F-11D3-BF4B-00C04F79EFBC}") = "TaxCalculator.Android", "TaxCalculator\TaxCalculator.Android\TaxCalculator.Android.csproj", "{44BEE14B-F3BA-4AC8-849F-2C232D4D982F}"
EndProject
Project("{FAE04EC0-301F-11D3-BF4B-00C04F79EFBC}") = "TaxCalculator.iOS", "TaxCalculator\TaxCalculator.iOS\TaxCalculator.iOS.csproj", "{F33F80B6-6CC0-49A1-BFA5-B12C5F3F0338}"
EndProject
Project("{9A19103F-16F7-4668-BE54-9A1E7A4F7556}") = "TaxCalculator", "TaxCalculator\TaxCalculator\TaxCalculator.csproj", "{DF04E12F-61FF-4CFF-9D29-32B64403638A}"
EndProject
Project("{FAE04EC0-301F-11D3-BF4B-00C04F79EFBC}") = "Unit Testing", "Unit Testing\Unit Testing.csproj", "{E92E347F-043E-420D-887A-16DEC4B3C201}"
EndProject
Global
	GlobalSection(SolutionConfigurationPlatforms) = preSolution
		Debug|Any CPU = Debug|Any CPU
		Debug|iPhone = Debug|iPhone
		Debug|iPhoneSimulator = Debug|iPhoneSimulator
		Release|Any CPU = Release|Any CPU
		Release|iPhone = Release|iPhone
		Release|iPhoneSimulator = Release|iPhoneSimulator
	EndGlobalSection
	GlobalSection(ProjectConfigurationPlatforms) = postSolution
		{44BEE14B-F3BA-4AC8-849F-2C232D4D982F}.Debug|Any CPU.ActiveCfg = Debug|Any CPU
		{44BEE14B-F3BA-4AC8-849F-2C232D4D982F}.Debug|Any CPU.Build.0 = Debug|Any CPU
		{44BEE14B-F3BA-4AC8-849F-2C232D4D982F}.Debug|Any CPU.Deploy.0 = Debug|Any CPU
		{44BEE14B-F3BA-4AC8-849F-2C232D4D982F}.Debug|iPhone.ActiveCfg = Debug|Any CPU
		{44BEE14B-F3BA-4AC8-849F-2C232D4D982F}.Debug|iPhone.Build.0 = Debug|Any CPU
		{44BEE14B-F3BA-4AC8-849F-2C232D4D982F}.Debug|iPhone.Deploy.0 = Debug|Any CPU
		{44BEE14B-F3BA-4AC8-849F-2C232D4D982F}.Debug|iPhoneSimulator.ActiveCfg = Debug|Any CPU
		{44BEE14B-F3BA-4AC8-849F-2C232D4D982F}.Debug|iPhoneSimulator.Build.0 = Debug|Any CPU
		{44BEE14B-F3BA-4AC8-849F-2C232D4D982F}.Debug|iPhoneSimulator.Deploy.0 = Debug|Any CPU
		{44BEE14B-F3BA-4AC8-849F-2C232D4D982F}.Release|Any CPU.ActiveCfg = Release|Any CPU
		{44BEE14B-F3BA-4AC8-849F-2C232D4D982F}.Release|Any CPU.Build.0 = Release|Any CPU
		{44BEE14B-F3BA-4AC8-849F-2C232D4D982F}.Release|Any CPU.Deploy.0 = Release|Any CPU
		{44BEE14B-F3BA-4AC8-849F-2C232D4D982F}.Release|iPhone.ActiveCfg = Release|Any CPU
		{44BEE14B-F3BA-4AC8-849F-2C232D4D982F}.Release|iPhone.Build.0 = Release|Any CPU
		{44BEE14B-F3BA-4AC8-849F-2C232D4D982F}.Release|iPhone.Deploy.0 = Release|Any CPU
		{44BEE14B-F3BA-4AC8-849F-2C232D4D982F}.Release|iPhoneSimulator.ActiveCfg = Release|Any CPU
		{44BEE14B-F3BA-4AC8-849F-2C232D4D982F}.Release|iPhoneSimulator.Build.0 = Release|Any CPU
		{44BEE14B-F3BA-4AC8-849F-2C232D4D982F}.Release|iPhoneSimulator.Deploy.0 = Release|Any CPU
		{F33F80B6-6CC0-49A1-BFA5-B12C5F3F0338}.Debug|Any CPU.ActiveCfg = Debug|iPhone
		{F33F80B6-6CC0-49A1-BFA5-B12C5F3F0338}.Debug|Any CPU.Build.0 = Debug|iPhone
		{F33F80B6-6CC0-49A1-BFA5-B12C5F3F0338}.Debug|Any CPU.Deploy.0 = Debug|iPhone
		{F33F80B6-6CC0-49A1-BFA5-B12C5F3F0338}.Debug|iPhone.ActiveCfg = Debug|iPhone
		{F33F80B6-6CC0-49A1-BFA5-B12C5F3F0338}.Debug|iPhone.Build.0 = Debug|iPhone
		{F33F80B6-6CC0-49A1-BFA5-B12C5F3F0338}.Debug|iPhone.Deploy.0 = Debug|iPhone
		{F33F80B6-6CC0-49A1-BFA5-B12C5F3F0338}.Debug|iPhoneSimulator.ActiveCfg = Debug|iPhoneSimulator
		{F33F80B6-6CC0-49A1-BFA5-B12C5F3F0338}.Debug|iPhoneSimulator.Build.0 = Debug|iPhoneSimulator
		{F33F80B6-6CC0-49A1-BFA5-B12C5F3F0338}.Debug|iPhoneSimulator.Deploy.0 = Debug|iPhoneSimulator
		{F33F80B6-6CC0-49A1-BFA5-B12C5F3F0338}.Release|Any CPU.ActiveCfg = Release|iPhoneSimulator
		{F33F80B6-6CC0-49A1-BFA5-B12C5F3F0338}.Release|Any CPU.Build.0 = Release|iPhoneSimulator
		{F33F80B6-6CC0-49A1-BFA5-B12C5F3F0338}.Release|Any CPU.Deploy.0 = Release|iPhoneSimulator
		{F33F80B6-6CC0-49A1-BFA5-B12C5F3F0338}.Release|iPhone.ActiveCfg = Release|iPhone
		{F33F80B6-6CC0-49A1-BFA5-B12C5F3F0338}.Release|iPhone.Build.0 = Release|iPhone
		{F33F80B6-6CC0-49A1-BFA5-B12C5F3F0338}.Release|iPhone.Deploy.0 = Release|iPhone
		{F33F80B6-6CC0-49A1-BFA5-B12C5F3F0338}.Release|iPhoneSimulator.ActiveCfg = Release|iPhoneSimulator
		{F33F80B6-6CC0-49A1-BFA5-B12C5F3F0338}.Release|iPhoneSimulator.Build.0 = Release|iPhoneSimulator
		{F33F80B6-6CC0-49A1-BFA5-B12C5F3F0338}.Release|iPhoneSimulator.Deploy.0 = Release|iPhoneSimulator
		{DF04E12F-61FF-4CFF-9D29-32B64403638A}.Debug|Any CPU.ActiveCfg = Debug|Any CPU
		{DF04E12F-61FF-4CFF-9D29-32B64403638A}.Debug|Any CPU.Build.0 = Debug|Any CPU
		{DF04E12F-61FF-4CFF-9D29-32B64403638A}.Debug|Any CPU.Deploy.0 = Debug|Any CPU
		{DF04E12F-61FF-4CFF-9D29-32B64403638A}.Debug|iPhone.ActiveCfg = Debug|Any CPU
		{DF04E12F-61FF-4CFF-9D29-32B64403638A}.Debug|iPhone.Build.0 = Debug|Any CPU
		{DF04E12F-61FF-4CFF-9D29-32B64403638A}.Debug|iPhone.Deploy.0 = Debug|Any CPU
		{DF04E12F-61FF-4CFF-9D29-32B64403638A}.Debug|iPhoneSimulator.ActiveCfg = Debug|Any CPU
		{DF04E12F-61FF-4CFF-9D29-32B64403638A}.Debug|iPhoneSimulator.Build.0 = Debug|Any CPU
		{DF04E12F-61FF-4CFF-9D29-32B64403638A}.Debug|iPhoneSimulator.Deploy.0 = Debug|Any CPU
		{DF04E12F-61FF-4CFF-9D29-32B64403638A}.Release|Any CPU.ActiveCfg = Release|Any CPU
		{DF04E12F-61FF-4CFF-9D29-32B64403638A}.Release|Any CPU.Build.0 = Release|Any CPU
		{DF04E12F-61FF-4CFF-9D29-32B64403638A}.Release|Any CPU.Deploy.0 = Release|Any CPU
		{DF04E12F-61FF-4CFF-9D29-32B64403638A}.Release|iPhone.ActiveCfg = Release|Any CPU
		{DF04E12F-61FF-4CFF-9D29-32B64403638A}.Release|iPhone.Build.0 = Release|Any CPU
		{DF04E12F-61FF-4CFF-9D29-32B64403638A}.Release|iPhone.Deploy.0 = Release|Any CPU
		{DF04E12F-61FF-4CFF-9D29-32B64403638A}.Release|iPhoneSimulator.ActiveCfg = Release|Any CPU
		{DF04E12F-61FF-4CFF-9D29-32B64403638A}.Release|iPhoneSimulator.Build.0 = Release|Any CPU
		{DF04E12F-61FF-4CFF-9D29-32B64403638A}.Release|iPhoneSimulator.Deploy.0 = Release|Any CPU
		{E92E347F-043E-420D-887A-16DEC4B3C201}.Debug|Any CPU.ActiveCfg = Debug|Any CPU
		{E92E347F-043E-420D-887A-16DEC4B3C201}.Debug|Any CPU.Build.0 = Debug|Any CPU
		{E92E347F-043E-420D-887A-16DEC4B3C201}.Debug|iPhone.ActiveCfg = Debug|Any CPU
		{E92E347F-043E-420D-887A-16DEC4B3C201}.Debug|iPhone.Build.0 = Debug|Any CPU
		{E92E347F-043E-420D-887A-16DEC4B3C201}.Debug|iPhoneSimulator.ActiveCfg = Debug|Any CPU
		{E92E347F-043E-420D-887A-16DEC4B3C201}.Debug|iPhoneSimulator.Build.0 = Debug|Any CPU
		{E92E347F-043E-420D-887A-16DEC4B3C201}.Release|Any CPU.ActiveCfg = Release|Any CPU
		{E92E347F-043E-420D-887A-16DEC4B3C201}.Release|Any CPU.Build.0 = Release|Any CPU
		{E92E347F-043E-420D-887A-16DEC4B3C201}.Release|iPhone.ActiveCfg = Release|Any CPU
		{E92E347F-043E-420D-887A-16DEC4B3C201}.Release|iPhone.Build.0 = Release|Any CPU
		{E92E347F-043E-420D-887A-16DEC4B3C201}.Release|iPhoneSimulator.ActiveCfg = Release|Any CPU
		{E92E347F-043E-420D-887A-16DEC4B3C201}.Release|iPhoneSimulator.Build.0 = Release|Any CPU
	EndGlobalSection
	GlobalSection(SolutionProperties) = preSolution
		HideSolutionNode = FALSE
	EndGlobalSection
	GlobalSection(ExtensibilityGlobals) = postSolution
		SolutionGuid = {94E8CC8C-967D-4037-8CDD-11C2DA2DE8DD}
	EndGlobalSection
EndGlobal
